<?xml version="1.0" encoding="utf-8"?>
<Project ToolsVersion="4.0" xmlns="http://schemas.microsoft.com/developer/msbuild/2003">
  <ItemGroup>
    <Filter Include="源文件">
      <UniqueIdentifier>{4FC737F1-C7A5-4376-A066-2A32D752A2FF}</UniqueIdentifier>
      <Extensions>cpp;c;cc;cxx;def;odl;idl;hpj;bat;asm;asmx</Extensions>
    </Filter>
    <Filter Include="头文件">
      <UniqueIdentifier>{93995380-89BD-4b04-88EB-625FBE52EBFB}</UniqueIdentifier>
      <Extensions>h;hh;hpp;hxx;hm;inl;inc;ipp;xsd</Extensions>
    </Filter>
    <Filter Include="资源文件">
      <UniqueIdentifier>{67DA6AB6-F800-4c08-8B7A-83BB121AAD01}</UniqueIdentifier>
      <Extensions>rc;ico;cur;bmp;dlg;rc2;rct;bin;rgs;gif;jpg;jpeg;jpe;resx;tiff;tif;png;wav;mfcribbon-ms</Extensions>
    </Filter>
  </ItemGroup>
  <ItemGroup>
    <ClCompile Include="435_Medium.cpp">
      <Filter>源文件</Filter>
    </ClCompile>
    <ClCompile Include="1046_Easy.cpp">
      <Filter>源文件</Filter>
    </ClCompile>
    <ClCompile Include="605_Easy.cpp">
      <Filter>源文件</Filter>
    </ClCompile>
    <ClCompile Include="2_Medium.cpp">
      <Filter>源文件</Filter>
    </ClCompile>
    <ClCompile Include="3_Medium.cpp">
      <Filter>源文件</Filter>
    </ClCompile>
    <ClCompile Include="239_Hard.cpp">
      <Filter>源文件</Filter>
    </ClCompile>
    <ClCompile Include="86_Medium.cpp">
      <Filter>源文件</Filter>
    </ClCompile>
    <ClCompile Include="4_Hard.cpp">
      <Filter>源文件</Filter>
    </ClCompile>
    <ClCompile Include="50_Medium.cpp">
      <Filter>源文件</Filter>
    </ClCompile>
    <ClCompile Include="88_Easy.cpp">
      <Filter>源文件</Filter>
    </ClCompile>
    <ClCompile Include="134_Medium.cpp">
      <Filter>源文件</Filter>
    </ClCompile>
    <ClCompile Include="1_Easy.cpp">
      <Filter>源文件</Filter>
    </ClCompile>
    <ClCompile Include="647_Medium.cpp">
      <Filter>源文件</Filter>
    </ClCompile>
    <ClCompile Include="188_Hard.cpp">
      <Filter>源文件</Filter>
    </ClCompile>
    <ClCompile Include="330_Hard.cpp">
      <Filter>源文件</Filter>
    </ClCompile>
    <ClCompile Include="509_Easy.cpp">
      <Filter>源文件</Filter>
    </ClCompile>
    <ClCompile Include="665_Easy.cpp">
      <Filter>源文件</Filter>
    </ClCompile>
    <ClCompile Include="830_Easy.cpp">
      <Filter>源文件</Filter>
    </ClCompile>
    <ClCompile Include="399_Medium.cpp">
      <Filter>源文件</Filter>
    </ClCompile>
    <ClCompile Include="547_Medium.cpp">
      <Filter>源文件</Filter>
    </ClCompile>
    <ClCompile Include="990_Medium.cpp">
      <Filter>源文件</Filter>
    </ClCompile>
    <ClCompile Include="189_Medium.cpp">
      <Filter>源文件</Filter>
    </ClCompile>
    <ClCompile Include="5_Medium.cpp">
      <Filter>源文件</Filter>
    </ClCompile>
    <ClCompile Include="123_Hard.cpp">
      <Filter>源文件</Filter>
    </ClCompile>
    <ClCompile Include="516_Medium.cpp">
      <Filter>源文件</Filter>
    </ClCompile>
    <ClCompile Include="228_Easy.cpp">
      <Filter>源文件</Filter>
    </ClCompile>
    <ClCompile Include="6_Medium.cpp">
      <Filter>源文件</Filter>
    </ClCompile>
    <ClCompile Include="1202_Medium_XXX.cpp">
      <Filter>源文件</Filter>
    </ClCompile>
    <ClCompile Include="1018.cpp">
      <Filter>源文件</Filter>
    </ClCompile>
  </ItemGroup>
</Project>