<?xml version="1.0" encoding="utf-8"?>
<Project ToolsVersion="4.0" xmlns="http://schemas.microsoft.com/developer/msbuild/2003">
  <ItemGroup>
    <Filter Include="源文件">
      <UniqueIdentifier>{4FC737F1-C7A5-4376-A066-2A32D752A2FF}</UniqueIdentifier>
      <Extensions>cpp;c;cc;cxx;def;odl;idl;hpj;bat;asm;asmx</Extensions>
    </Filter>
    <Filter Include="头文件">
      <UniqueIdentifier>{93995380-89BD-4b04-88EB-625FBE52EBFB}</UniqueIdentifier>
      <Extensions>h;hh;hpp;hxx;hm;inl;inc;ipp;xsd</Extensions>
    </Filter>
    <Filter Include="资源文件">
      <UniqueIdentifier>{67DA6AB6-F800-4c08-8B7A-83BB121AAD01}</UniqueIdentifier>
      <Extensions>rc;ico;cur;bmp;dlg;rc2;rct;bin;rgs;gif;jpg;jpeg;jpe;resx;tiff;tif;png;wav;mfcribbon-ms</Extensions>
    </Filter>
  </ItemGroup>
  <ItemGroup>
    <ClCompile Include="435_Medium.cpp">
      <Filter>源文件</Filter>
    </ClCompile>
    <ClCompile Include="1046_Easy.cpp">
      <Filter>源文件</Filter>
    </ClCompile>
    <ClCompile Include="605_Easy.cpp">
      <Filter>源文件</Filter>
    </ClCompile>
    <ClCompile Include="2_Medium.cpp">
      <Filter>源文件</Filter>
    </ClCompile>
    <ClCompile Include="3_Medium.cpp">
      <Filter>源文件</Filter>
    </ClCompile>
    <ClCompile Include="239_Hard.cpp">
      <Filter>源文件</Filter>
    </ClCompile>
    <ClCompile Include="86_Medium.cpp">
      <Filter>源文件</Filter>
    </ClCompile>
    <ClCompile Include="4_Hard.cpp">
      <Filter>源文件</Filter>
    </ClCompile>
    <ClCompile Include="50_Medium.cpp">
      <Filter>源文件</Filter>
    </ClCompile>
    <ClCompile Include="88_Easy.cpp">
      <Filter>源文件</Filter>
    </ClCompile>
    <ClCompile Include="134_Medium.cpp">
      <Filter>源文件</Filter>
    </ClCompile>
    <ClCompile Include="1_Easy.cpp">
      <Filter>源文件</Filter>
    </ClCompile>
    <ClCompile Include="647_Medium.cpp">
      <Filter>源文件</Filter>
    </ClCompile>
    <ClCompile Include="188_Hard.cpp">
      <Filter>源文件</Filter>
    </ClCompile>
    <ClCompile Include="330_Hard.cpp">
      <Filter>源文件</Filter>
    </ClCompile>
    <ClCompile Include="509_Easy.cpp">
      <Filter>源文件</Filter>
    </ClCompile>
    <ClCompile Include="665_Easy.cpp">
      <Filter>源文件</Filter>
    </ClCompile>
    <ClCompile Include="830_Easy.cpp">
      <Filter>源文件</Filter>
    </ClCompile>
    <ClCompile Include="399_Medium.cpp">
      <Filter>源文件</Filter>
    </ClCompile>
    <ClCompile Include="547_Medium.cpp">
      <Filter>源文件</Filter>
    </ClCompile>
    <ClCompile Include="990_Medium.cpp">
      <Filter>源文件</Filter>
    </ClCompile>
    <ClCompile Include="189_Medium.cpp">
      <Filter>源文件</Filter>
    </ClCompile>
    <ClCompile Include="5_Medium.cpp">
      <Filter>源文件</Filter>
    </ClCompile>
    <ClCompile Include="123_Hard.cpp">
      <Filter>源文件</Filter>
    </ClCompile>
    <ClCompile Include="516_Medium.cpp">
      <Filter>源文件</Filter>
    </ClCompile>
    <ClCompile Include="228_Easy.cpp">
      <Filter>源文件</Filter>
    </ClCompile>
    <ClCompile Include="6_Medium.cpp">
      <Filter>源文件</Filter>
    </ClCompile>
    <ClCompile Include="1018_Easy.cpp">
      <Filter>源文件</Filter>
    </ClCompile>
    <ClCompile Include="1202_Medium.cpp">
      <Filter>源文件</Filter>
    </ClCompile>
    <ClCompile Include="947_Medium.cpp">
      <Filter>源文件</Filter>
    </ClCompile>
    <ClCompile Include="1232_Easy.cpp">
      <Filter>源文件</Filter>
    </ClCompile>
    <ClCompile Include="721_Medium.cpp">
      <Filter>源文件</Filter>
    </ClCompile>
    <ClCompile Include="1584_Medium.cpp">
      <Filter>源文件</Filter>
    </ClCompile>
    <ClCompile Include="628_Easy.cpp">
      <Filter>源文件</Filter>
    </ClCompile>
    <ClCompile Include="152_Medium.cpp">
      <Filter>源文件</Filter>
    </ClCompile>
    <ClCompile Include="53_Easy.cpp">
      <Filter>源文件</Filter>
    </ClCompile>
    <ClCompile Include="1489_Hard.cpp">
      <Filter>源文件</Filter>
    </ClCompile>
    <ClCompile Include="989_Easy.cpp">
      <Filter>源文件</Filter>
    </ClCompile>
    <ClCompile Include="43_Medium.cpp">
      <Filter>源文件</Filter>
    </ClCompile>
    <ClCompile Include="1319_Medium.cpp">
      <Filter>源文件</Filter>
    </ClCompile>
    <ClCompile Include="41_Hard.cpp">
      <Filter>源文件</Filter>
    </ClCompile>
    <ClCompile Include="674_Easy.cpp">
      <Filter>源文件</Filter>
    </ClCompile>
    <ClCompile Include="300_Medium.cpp">
      <Filter>源文件</Filter>
    </ClCompile>
    <ClCompile Include="959_Medium.cpp">
      <Filter>源文件</Filter>
    </ClCompile>
    <ClCompile Include="825_Medium.cpp">
      <Filter>源文件</Filter>
    </ClCompile>
    <ClCompile Include="1579_Hard.cpp">
      <Filter>源文件</Filter>
    </ClCompile>
    <ClCompile Include="724_Easy.cpp">
      <Filter>源文件</Filter>
    </ClCompile>
    <ClCompile Include="1128_Easy.cpp">
      <Filter>源文件</Filter>
    </ClCompile>
    <ClCompile Include="11_Medium.cpp">
      <Filter>源文件</Filter>
    </ClCompile>
    <ClCompile Include="8_Medium.cpp">
      <Filter>源文件</Filter>
    </ClCompile>
    <ClCompile Include="1631_Medium.cpp">
      <Filter>源文件</Filter>
    </ClCompile>
    <ClCompile Include="778_Hard.cpp">
      <Filter>源文件</Filter>
    </ClCompile>
    <ClCompile Include="839_Hard.cpp">
      <Filter>源文件</Filter>
    </ClCompile>
    <ClCompile Include="888_Easy.cpp">
      <Filter>源文件</Filter>
    </ClCompile>
    <ClCompile Include="42_Hard.cpp">
      <Filter>源文件</Filter>
    </ClCompile>
    <ClCompile Include="424_Medium.cpp">
      <Filter>源文件</Filter>
    </ClCompile>
    <ClCompile Include="480_Hard.cpp">
      <Filter>源文件</Filter>
    </ClCompile>
    <ClCompile Include="643_Easy.cpp">
      <Filter>源文件</Filter>
    </ClCompile>
    <ClCompile Include="295_Hard.cpp">
      <Filter>源文件</Filter>
    </ClCompile>
    <ClCompile Include="7_Easy.cpp">
      <Filter>源文件</Filter>
    </ClCompile>
    <ClCompile Include="1208_Medium.cpp">
      <Filter>源文件</Filter>
    </ClCompile>
    <ClCompile Include="1404_Medium.cpp">
      <Filter>源文件</Filter>
    </ClCompile>
    <ClCompile Include="1124_Medium.cpp">
      <Filter>源文件</Filter>
    </ClCompile>
    <ClCompile Include="1423_Medium.cpp">
      <Filter>源文件</Filter>
    </ClCompile>
    <ClCompile Include="962_Medium.cpp">
      <Filter>源文件</Filter>
    </ClCompile>
    <ClCompile Include="36_Medium.cpp">
      <Filter>源文件</Filter>
    </ClCompile>
    <ClCompile Include="978_Medium.cpp">
      <Filter>源文件</Filter>
    </ClCompile>
    <ClCompile Include="992_Hard.cpp">
      <Filter>源文件</Filter>
    </ClCompile>
    <ClCompile Include="37xxx_Hard.cpp">
      <Filter>源文件</Filter>
    </ClCompile>
    <ClCompile Include="448_Easy.cpp">
      <Filter>源文件</Filter>
    </ClCompile>
    <ClCompile Include="765_Hard.cpp">
      <Filter>源文件</Filter>
    </ClCompile>
    <ClCompile Include="485_Easy.cpp">
      <Filter>源文件</Filter>
    </ClCompile>
    <ClCompile Include="561_Easy.cpp">
      <Filter>源文件</Filter>
    </ClCompile>
    <ClCompile Include="566_Easy.cpp">
      <Filter>源文件</Filter>
    </ClCompile>
    <ClCompile Include="995_Hard.cpp">
      <Filter>源文件</Filter>
    </ClCompile>
    <ClCompile Include="1004_Medium.cpp">
      <Filter>源文件</Filter>
    </ClCompile>
    <ClCompile Include="406_Medium.cpp">
      <Filter>源文件</Filter>
    </ClCompile>
    <ClCompile Include="697_Easy.cpp">
      <Filter>源文件</Filter>
    </ClCompile>
    <ClCompile Include="1438_Medium.cpp">
      <Filter>源文件</Filter>
    </ClCompile>
    <ClCompile Include="766_Easy.cpp">
      <Filter>源文件</Filter>
    </ClCompile>
    <ClCompile Include="673_Medium.cpp">
      <Filter>源文件</Filter>
    </ClCompile>
    <ClCompile Include="779_Medium.cpp">
      <Filter>源文件</Filter>
    </ClCompile>
    <ClCompile Include="1052_Medium.cpp">
      <Filter>源文件</Filter>
    </ClCompile>
    <ClCompile Include="741_Hard.cpp">
      <Filter>源文件</Filter>
    </ClCompile>
    <ClCompile Include="64_Medium.cpp">
      <Filter>源文件</Filter>
    </ClCompile>
    <ClCompile Include="832_Easy.cpp">
      <Filter>源文件</Filter>
    </ClCompile>
    <ClCompile Include="867_Easy.cpp">
      <Filter>源文件</Filter>
    </ClCompile>
    <ClCompile Include="1463_Hard.cpp">
      <Filter>源文件</Filter>
    </ClCompile>
    <ClCompile Include="1178_Hard.cpp">
      <Filter>源文件</Filter>
    </ClCompile>
    <ClCompile Include="78_Medium.cpp">
      <Filter>源文件</Filter>
    </ClCompile>
    <ClCompile Include="395_Medium.cpp">
      <Filter>源文件</Filter>
    </ClCompile>
    <ClCompile Include="896_Easy.cpp">
      <Filter>源文件</Filter>
    </ClCompile>
    <ClCompile Include="827_Hard.cpp">
      <Filter>源文件</Filter>
    </ClCompile>
    <ClCompile Include="303_Easy.cpp">
      <Filter>源文件</Filter>
    </ClCompile>
    <ClCompile Include="304_Medium.cpp">
      <Filter>源文件</Filter>
    </ClCompile>
    <ClCompile Include="338_Medium.cpp">
      <Filter>源文件</Filter>
    </ClCompile>
    <ClCompile Include="500_Easy.cpp">
      <Filter>源文件</Filter>
    </ClCompile>
    <ClCompile Include="354_Hard.cpp">
      <Filter>源文件</Filter>
    </ClCompile>
    <ClCompile Include="232_Easy.cpp">
      <Filter>源文件</Filter>
    </ClCompile>
    <ClCompile Include="503_Medium.cpp">
      <Filter>源文件</Filter>
    </ClCompile>
    <ClCompile Include="131_Medium.cpp">
      <Filter>源文件</Filter>
    </ClCompile>
    <ClCompile Include="132_Hard.cpp">
      <Filter>源文件</Filter>
    </ClCompile>
    <ClCompile Include="1047_Easy.cpp">
      <Filter>源文件</Filter>
    </ClCompile>
    <ClCompile Include="224_Hard.cpp">
      <Filter>源文件</Filter>
    </ClCompile>
    <ClCompile Include="705_Easy.cpp">
      <Filter>源文件</Filter>
    </ClCompile>
    <ClCompile Include="227_Medium.cpp">
      <Filter>源文件</Filter>
    </ClCompile>
    <ClCompile Include="706_Easy.cpp">
      <Filter>源文件</Filter>
    </ClCompile>
    <ClCompile Include="54_Medium.cpp">
      <Filter>源文件</Filter>
    </ClCompile>
    <ClCompile Include="59_Medium.cpp">
      <Filter>源文件</Filter>
    </ClCompile>
    <ClCompile Include="115_Hard.cpp">
      <Filter>源文件</Filter>
    </ClCompile>
    <ClCompile Include="92_Medium.cpp">
      <Filter>源文件</Filter>
    </ClCompile>
    <ClCompile Include="206_Easy.cpp">
      <Filter>源文件</Filter>
    </ClCompile>
    <ClCompile Include="150_Medium.cpp">
      <Filter>源文件</Filter>
    </ClCompile>
    <ClCompile Include="1603_Easy.cpp">
      <Filter>源文件</Filter>
    </ClCompile>
    <ClCompile Include="73_Medium.cpp">
      <Filter>源文件</Filter>
    </ClCompile>
  </ItemGroup>
</Project>